PODS:
  - Alamofire (5.5.0)
  - CombineExt (1.5.1)
  - Kingfisher (7.1.2)
  - MBProgressHUD (1.2.0)
  - Moya (15.0.0):
    - Moya/Core (= 15.0.0)
  - Moya/Core (15.0.0):
    - Alamofire (~> 5.0)
  - Reusable (4.1.2):
    - Reusable/Storyboard (= 4.1.2)
    - Reusable/View (= 4.1.2)
  - Reusable/Storyboard (4.1.2)
  - Reusable/View (4.1.2)
  - SwiftLint (0.45.1)
  - VanillaConstraints (1.0.4)

DEPENDENCIES:
  - CombineExt
  - Kingfisher
  - MBProgressHUD (= 1.2.0)
  - Moya
  - Reusable
  - SwiftLint
  - VanillaConstraints

SPEC REPOS:
  trunk:
    - Alamofire
    - CombineExt
    - Kingfisher
    - MBProgressHUD
    - Moya
    - Reusable
    - SwiftLint
    - VanillaConstraints

SPEC CHECKSUMS:
  Alamofire: 1c4fb5369c3fe93d2857c780d8bbe09f06f97e7c
  CombineExt: e081b93f38f507660550e001531a049a6825f63e
  Kingfisher: 44ed6a8504763f27bab46163adfac83f5deb240c
  MBProgressHUD: 3ee5efcc380f6a79a7cc9b363dd669c5e1ae7406
  Moya: 138f0573e53411fb3dc17016add0b748dfbd78ee
  Reusable: 6bae6a5e8aa793c9c441db0213c863a64bce9136
  SwiftLint: 06ac37e4d38c7068e0935bb30cda95f093bec761
  VanillaConstraints: 72ceb6f087b4467b22209d078e43819d8d331bf5

PODFILE CHECKSUM: 9a2f8534aefa2b92882f4ff2eacd80204f7f40ea

COCOAPODS: 1.11.2
